# This file is autogenerated, do not edit; changes may be undone by the next 'dep ensure'.


[[projects]]
  name = "github.com/google/go-querystring"
  packages = ["query"]
  revision = "44c6ddd0a2342c386950e880b658017258da92fc"
  version = "v1.0.0"

[[projects]]
  name = "github.com/jtacoma/uritemplates"
  packages = ["."]
  revision = "307ae868f90f4ee1b73ebe4596e0394237dacce8"
  version = "v1.0.0"

[[projects]]
  name = "github.com/konsorten/go-windows-terminal-sequences"
  packages = ["."]
  revision = "f55edac94c9bbba5d6182a4be46d86a2c9b5b50e"
  version = "v1.0.2"

[[projects]]
  name = "github.com/sirupsen/logrus"
  packages = ["."]
  revision = "e1e72e9de974bd926e5c56f83753fba2df402ce5"
  version = "v1.3.0"

[[projects]]
  name = "github.com/xiaojiaoyu100/cast"
  packages = ["."]
  revision = "446221437dee47fa44a5634be3f45fa7753a8450"
  version = "v1.0.8"

[[projects]]
  branch = "master"
  name = "golang.org/x/crypto"
  packages = ["ssh/terminal"]
  revision = "e1dfcc566284e143ba8f9afbb3fa563f2a0d212b"

[[projects]]
  branch = "master"
  name = "golang.org/x/exp"
  packages = [
    "errors",
    "errors/fmt",
    "errors/internal"
  ]
  revision = "475c5042d3f1a54a7b90cb8b1efb6697946e1107"

[[projects]]
  branch = "master"
  name = "golang.org/x/sys"
  packages = [
    "unix",
    "windows"
  ]
  revision = "2953c62de483abe29031e197e72d3b7061f65f91"

[solve-meta]
  analyzer-name = "dep"
  analyzer-version = 1
  inputs-digest = "c0fb63f6693a1181de2e577ce454f50fed1bd6d7f551e8eecda756f3270e563f"
  solver-name = "gps-cdcl"
  solver-version = 1
